// !$*UTF8*$!
{
	archiveVersion = 1;
	classes = {
	};
	objectVersion = 56;
	objects = {

/* Begin PBXBuildFile section */
		540E7F412B289161004A8F59 /* GameOverView.swift in Sources */ = {isa = PBXBuildFile; fileRef = 540E7F402B289161004A8F59 /* GameOverView.swift */; };
		54331F562B19BD01002D3B86 /* SelectCorrectWordQuestion.swift in Sources */ = {isa = PBXBuildFile; fileRef = 54331F552B19BD01002D3B86 /* SelectCorrectWordQuestion.swift */; };
		54331F582B19C03B002D3B86 /* SelectCorrectWordView.swift in Sources */ = {isa = PBXBuildFile; fileRef = 54331F572B19C03B002D3B86 /* SelectCorrectWordView.swift */; };
		5437E1252B17B56D00EC6269 /* GuessWordApp.swift in Sources */ = {isa = PBXBuildFile; fileRef = 5437E1242B17B56D00EC6269 /* GuessWordApp.swift */; };
		5437E1272B17B56D00EC6269 /* ContentView.swift in Sources */ = {isa = PBXBuildFile; fileRef = 5437E1262B17B56D00EC6269 /* ContentView.swift */; };
		5437E1292B17B56E00EC6269 /* Assets.xcassets in Resources */ = {isa = PBXBuildFile; fileRef = 5437E1282B17B56E00EC6269 /* Assets.xcassets */; };
		5437E12C2B17B56E00EC6269 /* Preview Assets.xcassets in Resources */ = {isa = PBXBuildFile; fileRef = 5437E12B2B17B56E00EC6269 /* Preview Assets.xcassets */; };
		54961AE42B2350E2003BD39C /* ViewModel.swift in Sources */ = {isa = PBXBuildFile; fileRef = 54961AE32B2350E2003BD39C /* ViewModel.swift */; };
		54961AE82B23939E003BD39C /* PlayingView.swift in Sources */ = {isa = PBXBuildFile; fileRef = 54961AE72B23939E003BD39C /* PlayingView.swift */; };
		54961AEC2B239835003BD39C /* Styles.swift in Sources */ = {isa = PBXBuildFile; fileRef = 54961AEB2B239835003BD39C /* Styles.swift */; };
		54DA02EB2B288EE6000CD5DC /* MenuView.swift in Sources */ = {isa = PBXBuildFile; fileRef = 54DA02EA2B288EE6000CD5DC /* MenuView.swift */; };
/* End PBXBuildFile section */

/* Begin PBXFileReference section */
		540E7F402B289161004A8F59 /* GameOverView.swift */ = {isa = PBXFileReference; lastKnownFileType = sourcecode.swift; path = GameOverView.swift; sourceTree = "<group>"; };
		54331F552B19BD01002D3B86 /* SelectCorrectWordQuestion.swift */ = {isa = PBXFileReference; lastKnownFileType = sourcecode.swift; path = SelectCorrectWordQuestion.swift; sourceTree = "<group>"; };
		54331F572B19C03B002D3B86 /* SelectCorrectWordView.swift */ = {isa = PBXFileReference; lastKnownFileType = sourcecode.swift; path = SelectCorrectWordView.swift; sourceTree = "<group>"; };
		5437E1212B17B56D00EC6269 /* GuessWord.app */ = {isa = PBXFileReference; explicitFileType = wrapper.application; includeInIndex = 0; path = GuessWord.app; sourceTree = BUILT_PRODUCTS_DIR; };
		5437E1242B17B56D00EC6269 /* GuessWordApp.swift */ = {isa = PBXFileReference; lastKnownFileType = sourcecode.swift; path = GuessWordApp.swift; sourceTree = "<group>"; };
		5437E1262B17B56D00EC6269 /* ContentView.swift */ = {isa = PBXFileReference; lastKnownFileType = sourcecode.swift; path = ContentView.swift; sourceTree = "<group>"; };
		5437E1282B17B56E00EC6269 /* Assets.xcassets */ = {isa = PBXFileReference; lastKnownFileType = folder.assetcatalog; path = Assets.xcassets; sourceTree = "<group>"; };
		5437E12B2B17B56E00EC6269 /* Preview Assets.xcassets */ = {isa = PBXFileReference; lastKnownFileType = folder.assetcatalog; path = "Preview Assets.xcassets"; sourceTree = "<group>"; };
		54961AE32B2350E2003BD39C /* ViewModel.swift */ = {isa = PBXFileReference; lastKnownFileType = sourcecode.swift; path = ViewModel.swift; sourceTree = "<group>"; };
		54961AE72B23939E003BD39C /* PlayingView.swift */ = {isa = PBXFileReference; lastKnownFileType = sourcecode.swift; path = PlayingView.swift; sourceTree = SOURCE_ROOT; };
		54961AEB2B239835003BD39C /* Styles.swift */ = {isa = PBXFileReference; lastKnownFileType = sourcecode.swift; path = Styles.swift; sourceTree = "<group>"; };
		54DA02EA2B288EE6000CD5DC /* MenuView.swift */ = {isa = PBXFileReference; lastKnownFileType = sourcecode.swift; path = MenuView.swift; sourceTree = "<group>"; };
/* End PBXFileReference section */

/* Begin PBXFrameworksBuildPhase section */
		5437E11E2B17B56D00EC6269 /* Frameworks */ = {
			isa = PBXFrameworksBuildPhase;
			buildActionMask = 2147483647;
			files = (
			);
			runOnlyForDeploymentPostprocessing = 0;
		};
/* End PBXFrameworksBuildPhase section */

/* Begin PBXGroup section */
		5437E1182B17B56D00EC6269 = {
			isa = PBXGroup;
			children = (
				5437E1232B17B56D00EC6269 /* GuessWord */,
				5437E1222B17B56D00EC6269 /* Products */,
			);
			sourceTree = "<group>";
		};
		5437E1222B17B56D00EC6269 /* Products */ = {
			isa = PBXGroup;
			children = (
				5437E1212B17B56D00EC6269 /* GuessWord.app */,
			);
			name = Products;
			sourceTree = "<group>";
		};
		5437E1232B17B56D00EC6269 /* GuessWord */ = {
			isa = PBXGroup;
			children = (
				54DA02EA2B288EE6000CD5DC /* MenuView.swift */,
				540E7F402B289161004A8F59 /* GameOverView.swift */,
				54961AE72B23939E003BD39C /* PlayingView.swift */,
				54961AE32B2350E2003BD39C /* ViewModel.swift */,
				5437E1242B17B56D00EC6269 /* GuessWordApp.swift */,
				5437E1262B17B56D00EC6269 /* ContentView.swift */,
				54961AEB2B239835003BD39C /* Styles.swift */,
				54331F552B19BD01002D3B86 /* SelectCorrectWordQuestion.swift */,
				54331F572B19C03B002D3B86 /* SelectCorrectWordView.swift */,
				5437E1282B17B56E00EC6269 /* Assets.xcassets */,
				5437E12A2B17B56E00EC6269 /* Preview Content */,
			);
			path = GuessWord;
			sourceTree = "<group>";
		};
		5437E12A2B17B56E00EC6269 /* Preview Content */ = {
			isa = PBXGroup;
			children = (
				5437E12B2B17B56E00EC6269 /* Preview Assets.xcassets */,
			);
			path = "Preview Content";
			sourceTree = "<group>";
		};
/* End PBXGroup section */

/* Begin PBXNativeTarget section */
		5437E1202B17B56D00EC6269 /* GuessWord */ = {
			isa = PBXNativeTarget;
			buildConfigurationList = 5437E12F2B17B56E00EC6269 /* Build configuration list for PBXNativeTarget "GuessWord" */;
			buildPhases = (
				5437E11D2B17B56D00EC6269 /* Sources */,
				5437E11E2B17B56D00EC6269 /* Frameworks */,
				5437E11F2B17B56D00EC6269 /* Resources */,
			);
			buildRules = (
			);
			dependencies = (
			);
			name = GuessWord;
			productName = GuessWord;
			productReference = 5437E1212B17B56D00EC6269 /* GuessWord.app */;
			productType = "com.apple.product-type.application";
		};
/* End PBXNativeTarget section */

/* Begin PBXProject section */
		5437E1192B17B56D00EC6269 /* Project object */ = {
			isa = PBXProject;
			attributes = {
				BuildIndependentTargetsInParallel = 1;
				LastSwiftUpdateCheck = 1500;
				LastUpgradeCheck = 1500;
				TargetAttributes = {
					5437E1202B17B56D00EC6269 = {
						CreatedOnToolsVersion = 15.0.1;
					};
				};
			};
			buildConfigurationList = 5437E11C2B17B56D00EC6269 /* Build configuration list for PBXProject "GuessWord" */;
			compatibilityVersion = "Xcode 14.0";
			developmentRegion = en;
			hasScannedForEncodings = 0;
			knownRegions = (
				en,
				Base,
			);
			mainGroup = 5437E1182B17B56D00EC6269;
			productRefGroup = 5437E1222B17B56D00EC6269 /* Products */;
			projectDirPath = "";
			projectRoot = "";
			targets = (
				5437E1202B17B56D00EC6269 /* GuessWord */,
			);
		};
/* End PBXProject section */

/* Begin PBXResourcesBuildPhase section */
		5437E11F2B17B56D00EC6269 /* Resources */ = {
			isa = PBXResourcesBuildPhase;
			buildActionMask = 2147483647;
			files = (
				5437E12C2B17B56E00EC6269 /* Preview Assets.xcassets in Resources */,
				5437E1292B17B56E00EC6269 /* Assets.xcassets in Resources */,
			);
			runOnlyForDeploymentPostprocessing = 0;
		};
/* End PBXResourcesBuildPhase section */

/* Begin PBXSourcesBuildPhase section */
		5437E11D2B17B56D00EC6269 /* Sources */ = {
			isa = PBXSourcesBuildPhase;
			buildActionMask = 2147483647;
			files = (
				54961AE42B2350E2003BD39C /* ViewModel.swift in Sources */,
				54DA02EB2B288EE6000CD5DC /* MenuView.swift in Sources */,
				54961AEC2B239835003BD39C /* Styles.swift in Sources */,
				54331F582B19C03B002D3B86 /* SelectCorrectWordView.swift in Sources */,
				5437E1272B17B56D00EC6269 /* ContentView.swift in Sources */,
				54961AE82B23939E003BD39C /* PlayingView.swift in Sources */,
				54331F562B19BD01002D3B86 /* SelectCorrectWordQuestion.swift in Sources */,
				540E7F412B289161004A8F59 /* GameOverView.swift in Sources */,
				5437E1252B17B56D00EC6269 /* GuessWordApp.swift in Sources */,
			);
			runOnlyForDeploymentPostprocessing = 0;
		};
/* End PBXSourcesBuildPhase section */

/* Begin XCBuildConfiguration section */
		5437E12D2B17B56E00EC6269 /* Debug */ = {
			isa = XCBuildConfiguration;
			buildSettings = {
				ALWAYS_SEARCH_USER_PATHS = NO;
				ASSETCATALOG_COMPILER_GENERATE_SWIFT_ASSET_SYMBOL_EXTENSIONS = YES;
				CLANG_ANALYZER_NONNULL = YES;
				CLANG_ANALYZER_NUMBER_OBJECT_CONVERSION = YES_AGGRESSIVE;
				CLANG_CXX_LANGUAGE_STANDARD = "gnu++20";
				CLANG_ENABLE_MODULES = YES;
				CLANG_ENABLE_OBJC_ARC = YES;
				CLANG_ENABLE_OBJC_WEAK = YES;
				CLANG_WARN_BLOCK_CAPTURE_AUTORELEASING = YES;
				CLANG_WARN_BOOL_CONVERSION = YES;
				CLANG_WARN_COMMA = YES;
				CLANG_WARN_CONSTANT_CONVERSION = YES;
				CLANG_WARN_DEPRECATED_OBJC_IMPLEMENTATIONS = YES;
				CLANG_WARN_DIRECT_OBJC_ISA_USAGE = YES_ERROR;
				CLANG_WARN_DOCUMENTATION_COMMENTS = YES;
				CLANG_WARN_EMPTY_BODY = YES;
				CLANG_WARN_ENUM_CONVERSION = YES;
				CLANG_WARN_INFINITE_RECURSION = YES;
				CLANG_WARN_INT_CONVERSION = YES;
				CLANG_WARN_NON_LITERAL_NULL_CONVERSION = YES;
				CLANG_WARN_OBJC_IMPLICIT_RETAIN_SELF = YES;
				CLANG_WARN_OBJC_LITERAL_CONVERSION = YES;
				CLANG_WARN_OBJC_ROOT_CLASS = YES_ERROR;
				CLANG_WARN_QUOTED_INCLUDE_IN_FRAMEWORK_HEADER = YES;
				CLANG_WARN_RANGE_LOOP_ANALYSIS = YES;
				CLANG_WARN_STRICT_PROTOTYPES = YES;
				CLANG_WARN_SUSPICIOUS_MOVE = YES;
				CLANG_WARN_UNGUARDED_AVAILABILITY = YES_AGGRESSIVE;
				CLANG_WARN_UNREACHABLE_CODE = YES;
				CLANG_WARN__DUPLICATE_METHOD_MATCH = YES;
				COPY_PHASE_STRIP = NO;
				DEBUG_INFORMATION_FORMAT = dwarf;
				ENABLE_STRICT_OBJC_MSGSEND = YES;
				ENABLE_TESTABILITY = YES;
				ENABLE_USER_SCRIPT_SANDBOXING = YES;
				GCC_C_LANGUAGE_STANDARD = gnu17;
				GCC_DYNAMIC_NO_PIC = NO;
				GCC_NO_COMMON_BLOCKS = YES;
				GCC_OPTIMIZATION_LEVEL = 0;
				GCC_PREPROCESSOR_DEFINITIONS = (
					"DEBUG=1",
					"$(inherited)",
				);
				GCC_WARN_64_TO_32_BIT_CONVERSION = YES;
				GCC_WARN_ABOUT_RETURN_TYPE = YES_ERROR;
				GCC_WARN_UNDECLARED_SELECTOR = YES;
				GCC_WARN_UNINITIALIZED_AUTOS = YES_AGGRESSIVE;
				GCC_WARN_UNUSED_FUNCTION = YES;
				GCC_WARN_UNUSED_VARIABLE = YES;
				IPHONEOS_DEPLOYMENT_TARGET = 17.0;
				LOCALIZATION_PREFERS_STRING_CATALOGS = YES;
				MTL_ENABLE_DEBUG_INFO = INCLUDE_SOURCE;
				MTL_FAST_MATH = YES;
				ONLY_ACTIVE_ARCH = YES;
				SDKROOT = iphoneos;
				SWIFT_ACTIVE_COMPILATION_CONDITIONS = "DEBUG $(inherited)";
				SWIFT_OPTIMIZATION_LEVEL = "-Onone";
			};
			name = Debug;
		};
		5437E12E2B17B56E00EC6269 /* Release */ = {
			isa = XCBuildConfiguration;
			buildSettings = {
				ALWAYS_SEARCH_USER_PATHS = NO;
				ASSETCATALOG_COMPILER_GENERATE_SWIFT_ASSET_SYMBOL_EXTENSIONS = YES;
				CLANG_ANALYZER_NONNULL = YES;
				CLANG_ANALYZER_NUMBER_OBJECT_CONVERSION = YES_AGGRESSIVE;
				CLANG_CXX_LANGUAGE_STANDARD = "gnu++20";
				CLANG_ENABLE_MODULES = YES;
				CLANG_ENABLE_OBJC_ARC = YES;
				CLANG_ENABLE_OBJC_WEAK = YES;
				CLANG_WARN_BLOCK_CAPTURE_AUTORELEASING = YES;
				CLANG_WARN_BOOL_CONVERSION = YES;
				CLANG_WARN_COMMA = YES;
				CLANG_WARN_CONSTANT_CONVERSION = YES;
				CLANG_WARN_DEPRECATED_OBJC_IMPLEMENTATIONS = YES;
				CLANG_WARN_DIRECT_OBJC_ISA_USAGE = YES_ERROR;
				CLANG_WARN_DOCUMENTATION_COMMENTS = YES;
				CLANG_WARN_EMPTY_BODY = YES;
				CLANG_WARN_ENUM_CONVERSION = YES;
				CLANG_WARN_INFINITE_RECURSION = YES;
				CLANG_WARN_INT_CONVERSION = YES;
				CLANG_WARN_NON_LITERAL_NULL_CONVERSION = YES;
				CLANG_WARN_OBJC_IMPLICIT_RETAIN_SELF = YES;
				CLANG_WARN_OBJC_LITERAL_CONVERSION = YES;
				CLANG_WARN_OBJC_ROOT_CLASS = YES_ERROR;
				CLANG_WARN_QUOTED_INCLUDE_IN_FRAMEWORK_HEADER = YES;
				CLANG_WARN_RANGE_LOOP_ANALYSIS = YES;
				CLANG_WARN_STRICT_PROTOTYPES = YES;
				CLANG_WARN_SUSPICIOUS_MOVE = YES;
				CLANG_WARN_UNGUARDED_AVAILABILITY = YES_AGGRESSIVE;
				CLANG_WARN_UNREACHABLE_CODE = YES;
				CLANG_WARN__DUPLICATE_METHOD_MATCH = YES;
				COPY_PHASE_STRIP = NO;
				DEBUG_INFORMATION_FORMAT = "dwarf-with-dsym";
				ENABLE_NS_ASSERTIONS = NO;
				ENABLE_STRICT_OBJC_MSGSEND = YES;
				ENABLE_USER_SCRIPT_SANDBOXING = YES;
				GCC_C_LANGUAGE_STANDARD = gnu17;
				GCC_NO_COMMON_BLOCKS = YES;
				GCC_WARN_64_TO_32_BIT_CONVERSION = YES;
				GCC_WARN_ABOUT_RETURN_TYPE = YES_ERROR;
				GCC_WARN_UNDECLARED_SELECTOR = YES;
				GCC_WARN_UNINITIALIZED_AUTOS = YES_AGGRESSIVE;
				GCC_WARN_UNUSED_FUNCTION = YES;
				GCC_WARN_UNUSED_VARIABLE = YES;
				IPHONEOS_DEPLOYMENT_TARGET = 17.0;
				LOCALIZATION_PREFERS_STRING_CATALOGS = YES;
				MTL_ENABLE_DEBUG_INFO = NO;
				MTL_FAST_MATH = YES;
				SDKROOT = iphoneos;
				SWIFT_COMPILATION_MODE = wholemodule;
				VALIDATE_PRODUCT = YES;
			};
			name = Release;
		};
		5437E1302B17B56E00EC6269 /* Debug */ = {
			isa = XCBuildConfiguration;
			buildSettings = {
				ASSETCATALOG_COMPILER_APPICON_NAME = AppIcon;
				ASSETCATALOG_COMPILER_GLOBAL_ACCENT_COLOR_NAME = AccentColor;
				CODE_SIGN_STYLE = Automatic;
				CURRENT_PROJECT_VERSION = 1;
				DEVELOPMENT_ASSET_PATHS = "\"GuessWord/Preview Content\"";
				DEVELOPMENT_TEAM = AVZGHFFGZD;
				ENABLE_PREVIEWS = YES;
				GENERATE_INFOPLIST_FILE = YES;
				INFOPLIST_KEY_UIApplicationSceneManifest_Generation = YES;
				INFOPLIST_KEY_UIApplicationSupportsIndirectInputEvents = YES;
				INFOPLIST_KEY_UILaunchScreen_Generation = YES;
				INFOPLIST_KEY_UISupportedInterfaceOrientations_iPad = "UIInterfaceOrientationPortrait UIInterfaceOrientationPortraitUpsideDown UIInterfaceOrientationLandscapeLeft UIInterfaceOrientationLandscapeRight";
				INFOPLIST_KEY_UISupportedInterfaceOrientations_iPhone = "UIInterfaceOrientationPortrait UIInterfaceOrientationLandscapeLeft UIInterfaceOrientationLandscapeRight";
				LD_RUNPATH_SEARCH_PATHS = (
					"$(inherited)",
					"@executable_path/Frameworks",
				);
				MARKETING_VERSION = 1.0;
				PRODUCT_BUNDLE_IDENTIFIER = robintetley.com.GuessWord;
				PRODUCT_NAME = "$(TARGET_NAME)";
				SWIFT_EMIT_LOC_STRINGS = YES;
				SWIFT_VERSION = 5.0;
				TARGETED_DEVICE_FAMILY = "1,2";
			};
			name = Debug;
		};
		5437E1312B17B56E00EC6269 /* Release */ = {
			isa = XCBuildConfiguration;
			buildSettings = {
				ASSETCATALOG_COMPILER_APPICON_NAME = AppIcon;
				ASSETCATALOG_COMPILER_GLOBAL_ACCENT_COLOR_NAME = AccentColor;
				CODE_SIGN_STYLE = Automatic;
				CURRENT_PROJECT_VERSION = 1;
				DEVELOPMENT_ASSET_PATHS = "\"GuessWord/Preview Content\"";
				DEVELOPMENT_TEAM = AVZGHFFGZD;
				ENABLE_PREVIEWS = YES;
				GENERATE_INFOPLIST_FILE = YES;
				INFOPLIST_KEY_UIApplicationSceneManifest_Generation = YES;
				INFOPLIST_KEY_UIApplicationSupportsIndirectInputEvents = YES;
				INFOPLIST_KEY_UILaunchScreen_Generation = YES;
				INFOPLIST_KEY_UISupportedInterfaceOrientations_iPad = "UIInterfaceOrientationPortrait UIInterfaceOrientationPortraitUpsideDown UIInterfaceOrientationLandscapeLeft UIInterfaceOrientationLandscapeRight";
				INFOPLIST_KEY_UISupportedInterfaceOrientations_iPhone = "UIInterfaceOrientationPortrait UIInterfaceOrientationLandscapeLeft UIInterfaceOrientationLandscapeRight";
				LD_RUNPATH_SEARCH_PATHS = (
					"$(inherited)",
					"@executable_path/Frameworks",
				);
				MARKETING_VERSION = 1.0;
				PRODUCT_BUNDLE_IDENTIFIER = robintetley.com.GuessWord;
				PRODUCT_NAME = "$(TARGET_NAME)";
				SWIFT_EMIT_LOC_STRINGS = YES;
				SWIFT_VERSION = 5.0;
				TARGETED_DEVICE_FAMILY = "1,2";
			};
			name = Release;
		};
/* End XCBuildConfiguration section */

/* Begin XCConfigurationList section */
		5437E11C2B17B56D00EC6269 /* Build configuration list for PBXProject "GuessWord" */ = {
			isa = XCConfigurationList;
			buildConfigurations = (
				5437E12D2B17B56E00EC6269 /* Debug */,
				5437E12E2B17B56E00EC6269 /* Release */,
			);
			defaultConfigurationIsVisible = 0;
			defaultConfigurationName = Release;
		};
		5437E12F2B17B56E00EC6269 /* Build configuration list for PBXNativeTarget "GuessWord" */ = {
			isa = XCConfigurationList;
			buildConfigurations = (
				5437E1302B17B56E00EC6269 /* Debug */,
				5437E1312B17B56E00EC6269 /* Release */,
			);
			defaultConfigurationIsVisible = 0;
			defaultConfigurationName = Release;
		};
/* End XCConfigurationList section */
	};
	rootObject = 5437E1192B17B56D00EC6269 /* Project object */;
}
